
Microsoft Visual Studio Solution File, Format Version 12.00
# Visual Studio Version 17
VisualStudioVersion = 17.4.33213.308
MinimumVisualStudioVersion = 10.0.40219.1
Project("{9A19103F-16F7-4668-BE54-9A1E7A4F7556}") = "BasoyBlazorApp", "BasoyBlazorApp\BasoyBlazorApp.csproj", "{7714EBD2-0F20-485A-AF3D-F61E95608389}"
EndProject
Project("{00D1A9C2-B5F0-4AF3-8072-F6C62B433612}") = "BasoyDatabase", "BasoyDatabase\BasoyDatabase.sqlproj", "{668E0B5A-259A-45FA-BFF5-1B8AFCCA8FDA}"
EndProject
Global
	GlobalSection(SolutionConfigurationPlatforms) = preSolution
		Debug|Any CPU = Debug|Any CPU
		Release|Any CPU = Release|Any CPU
	EndGlobalSection
	GlobalSection(ProjectConfigurationPlatforms) = postSolution
		{7714EBD2-0F20-485A-AF3D-F61E95608389}.Debug|Any CPU.ActiveCfg = Debug|Any CPU
		{7714EBD2-0F20-485A-AF3D-F61E95608389}.Debug|Any CPU.Build.0 = Debug|Any CPU
		{7714EBD2-0F20-485A-AF3D-F61E95608389}.Release|Any CPU.ActiveCfg = Release|Any CPU
		{7714EBD2-0F20-485A-AF3D-F61E95608389}.Release|Any CPU.Build.0 = Release|Any CPU
		{668E0B5A-259A-45FA-BFF5-1B8AFCCA8FDA}.Debug|Any CPU.ActiveCfg = Debug|Any CPU
		{668E0B5A-259A-45FA-BFF5-1B8AFCCA8FDA}.Debug|Any CPU.Build.0 = Debug|Any CPU
		{668E0B5A-259A-45FA-BFF5-1B8AFCCA8FDA}.Debug|Any CPU.Deploy.0 = Debug|Any CPU
		{668E0B5A-259A-45FA-BFF5-1B8AFCCA8FDA}.Release|Any CPU.ActiveCfg = Release|Any CPU
		{668E0B5A-259A-45FA-BFF5-1B8AFCCA8FDA}.Release|Any CPU.Build.0 = Release|Any CPU
		{668E0B5A-259A-45FA-BFF5-1B8AFCCA8FDA}.Release|Any CPU.Deploy.0 = Release|Any CPU
	EndGlobalSection
	GlobalSection(SolutionProperties) = preSolution
		HideSolutionNode = FALSE
	EndGlobalSection
	GlobalSection(ExtensibilityGlobals) = postSolution
		SolutionGuid = {BF50A5E1-879A-412D-BED2-50224F202E89}
	EndGlobalSection
EndGlobal
